
Microsoft Visual Studio Solution File, Format Version 12.00
# Visual Studio Version 17
VisualStudioVersion = 17.4.33213.308
MinimumVisualStudioVersion = 10.0.40219.1
Project("{FAE04EC0-301F-11D3-BF4B-00C04F79EFBC}") = "twosum", "twosum.csproj", "{C52536A3-6123-4CF6-B258-63C945F5AEC4}"
EndProject
Global
	GlobalSection(SolutionConfigurationPlatforms) = preSolution
		Debug|Any CPU = Debug|Any CPU
		Release|Any CPU = Release|Any CPU
	EndGlobalSection
	GlobalSection(ProjectConfigurationPlatforms) = postSolution
		{C52536A3-6123-4CF6-B258-63C945F5AEC4}.Debug|Any CPU.ActiveCfg = Debug|Any CPU
		{C52536A3-6123-4CF6-B258-63C945F5AEC4}.Debug|Any CPU.Build.0 = Debug|Any CPU
		{C52536A3-6123-4CF6-B258-63C945F5AEC4}.Release|Any CPU.ActiveCfg = Release|Any CPU
		{C52536A3-6123-4CF6-B258-63C945F5AEC4}.Release|Any CPU.Build.0 = Release|Any CPU
	EndGlobalSection
	GlobalSection(SolutionProperties) = preSolution
		HideSolutionNode = FALSE
	EndGlobalSection
	GlobalSection(ExtensibilityGlobals) = postSolution
		SolutionGuid = {8892DE1B-C601-4EC7-B76B-9771EEE5F91A}
	EndGlobalSection
EndGlobal
